
Microsoft Visual Studio Solution File, Format Version 12.00
# Visual Studio 15
VisualStudioVersion = 15.0.28010.2046
MinimumVisualStudioVersion = 10.0.40219.1
Project("{FAE04EC0-301F-11D3-BF4B-00C04F79EFBC}") = "GitHelp", "GitHelp\GitHelp.csproj", "{8AB82761-21ED-4E6F-9437-931C176925D8}"
EndProject
Global
	GlobalSection(SolutionConfigurationPlatforms) = preSolution
		Debug|Any CPU = Debug|Any CPU
		Release|Any CPU = Release|Any CPU
	EndGlobalSection
	GlobalSection(ProjectConfigurationPlatforms) = postSolution
		{8AB82761-21ED-4E6F-9437-931C176925D8}.Debug|Any CPU.ActiveCfg = Debug|Any CPU
		{8AB82761-21ED-4E6F-9437-931C176925D8}.Debug|Any CPU.Build.0 = Debug|Any CPU
		{8AB82761-21ED-4E6F-9437-931C176925D8}.Release|Any CPU.ActiveCfg = Release|Any CPU
		{8AB82761-21ED-4E6F-9437-931C176925D8}.Release|Any CPU.Build.0 = Release|Any CPU
	EndGlobalSection
	GlobalSection(SolutionProperties) = preSolution
		HideSolutionNode = FALSE
	EndGlobalSection
	GlobalSection(ExtensibilityGlobals) = postSolution
		SolutionGuid = {3729F66D-4D71-43AA-8313-B07E445A4F6B}
	EndGlobalSection
EndGlobal
